// !$*UTF8*$!
{
	archiveVersion = 1;
	classes = {
	};
	objectVersion = 77;
	objects = {

/* Begin PBXBuildFile section */
		39D7A0012EE0A1A5009ABCDE /* TypeMagicKit in Frameworks */ = {isa = PBXBuildFile; productRef = 39D7A0032EE0A1A5009ABCDE /* TypeMagicKit */; };
/* End PBXBuildFile section */

/* Begin PBXContainerItemProxy section */
		3927F9632EDE9F3B007953CA /* PBXContainerItemProxy */ = {
			isa = PBXContainerItemProxy;
			containerPortal = 3927F94C2EDE9F39007953CA /* Project object */;
			proxyType = 1;
			remoteGlobalIDString = 3927F9532EDE9F39007953CA;
			remoteInfo = typemagic;
		};
		3927F96D2EDE9F3B007953CA /* PBXContainerItemProxy */ = {
			isa = PBXContainerItemProxy;
			containerPortal = 3927F94C2EDE9F39007953CA /* Project object */;
			proxyType = 1;
			remoteGlobalIDString = 3927F9532EDE9F39007953CA;
			remoteInfo = typemagic;
		};
/* End PBXContainerItemProxy section */

/* Begin PBXFileReference section */
		3927F9542EDE9F39007953CA /* typemagic.app */ = {isa = PBXFileReference; explicitFileType = wrapper.application; includeInIndex = 0; path = typemagic.app; sourceTree = BUILT_PRODUCTS_DIR; };
		3927F9622EDE9F3B007953CA /* typemagicTests.xctest */ = {isa = PBXFileReference; explicitFileType = wrapper.cfbundle; includeInIndex = 0; path = typemagicTests.xctest; sourceTree = BUILT_PRODUCTS_DIR; };
		3927F96C2EDE9F3B007953CA /* typemagicUITests.xctest */ = {isa = PBXFileReference; explicitFileType = wrapper.cfbundle; includeInIndex = 0; path = typemagicUITests.xctest; sourceTree = BUILT_PRODUCTS_DIR; };
/* End PBXFileReference section */

/* Begin PBXFileSystemSynchronizedRootGroup section */
		3927F9562EDE9F39007953CA /* typemagic */ = {
			isa = PBXFileSystemSynchronizedRootGroup;
			path = typemagic;
			sourceTree = "<group>";
		};
		3927F9652EDE9F3B007953CA /* typemagicTests */ = {
			isa = PBXFileSystemSynchronizedRootGroup;
			path = typemagicTests;
			sourceTree = "<group>";
		};
		3927F96F2EDE9F3B007953CA /* typemagicUITests */ = {
			isa = PBXFileSystemSynchronizedRootGroup;
			path = typemagicUITests;
			sourceTree = "<group>";
		};
/* End PBXFileSystemSynchronizedRootGroup section */

/* Begin PBXFrameworksBuildPhase section */
		3927F9512EDE9F39007953CA /* Frameworks */ = {
			isa = PBXFrameworksBuildPhase;
			buildActionMask = 2147483647;
			files = (
				39D7A0012EE0A1A5009ABCDE /* TypeMagicKit in Frameworks */,
			);
			runOnlyForDeploymentPostprocessing = 0;
		};
		3927F95F2EDE9F3B007953CA /* Frameworks */ = {
			isa = PBXFrameworksBuildPhase;
			buildActionMask = 2147483647;
			files = (
			);
			runOnlyForDeploymentPostprocessing = 0;
		};
		3927F9692EDE9F3B007953CA /* Frameworks */ = {
			isa = PBXFrameworksBuildPhase;
			buildActionMask = 2147483647;
			files = (
			);
			runOnlyForDeploymentPostprocessing = 0;
		};
/* End PBXFrameworksBuildPhase section */

/* Begin PBXGroup section */
		3927F94B2EDE9F39007953CA = {
			isa = PBXGroup;
			children = (
				3927F9562EDE9F39007953CA /* typemagic */,
				3927F9652EDE9F3B007953CA /* typemagicTests */,
				3927F96F2EDE9F3B007953CA /* typemagicUITests */,
				3927F9552EDE9F39007953CA /* Products */,
			);
			sourceTree = "<group>";
		};
		3927F9552EDE9F39007953CA /* Products */ = {
			isa = PBXGroup;
			children = (
				3927F9542EDE9F39007953CA /* typemagic.app */,
				3927F9622EDE9F3B007953CA /* typemagicTests.xctest */,
				3927F96C2EDE9F3B007953CA /* typemagicUITests.xctest */,
			);
			name = Products;
			sourceTree = "<group>";
		};
/* End PBXGroup section */

/* Begin PBXNativeTarget section */
		3927F9532EDE9F39007953CA /* typemagic */ = {
			isa = PBXNativeTarget;
			buildConfigurationList = 3927F9762EDE9F3B007953CA /* Build configuration list for PBXNativeTarget "typemagic" */;
			buildPhases = (
				3927F9502EDE9F39007953CA /* Sources */,
				3927F9512EDE9F39007953CA /* Frameworks */,
				3927F9522EDE9F39007953CA /* Resources */,
			);
			buildRules = (
			);
			dependencies = (
			);
			fileSystemSynchronizedGroups = (
				3927F9562EDE9F39007953CA /* typemagic */,
			);
			name = typemagic;
			packageProductDependencies = (
				39D7A0032EE0A1A5009ABCDE /* TypeMagicKit */,
			);
			productName = typemagic;
			productReference = 3927F9542EDE9F39007953CA /* typemagic.app */;
			productType = "com.apple.product-type.application";
		};
		3927F9612EDE9F3B007953CA /* typemagicTests */ = {
			isa = PBXNativeTarget;
			buildConfigurationList = 3927F9792EDE9F3B007953CA /* Build configuration list for PBXNativeTarget "typemagicTests" */;
			buildPhases = (
				3927F95E2EDE9F3B007953CA /* Sources */,
				3927F95F2EDE9F3B007953CA /* Frameworks */,
				3927F9602EDE9F3B007953CA /* Resources */,
			);
			buildRules = (
			);
			dependencies = (
				3927F9642EDE9F3B007953CA /* PBXTargetDependency */,
			);
			fileSystemSynchronizedGroups = (
				3927F9652EDE9F3B007953CA /* typemagicTests */,
			);
			name = typemagicTests;
			packageProductDependencies = (
			);
			productName = typemagicTests;
			productReference = 3927F9622EDE9F3B007953CA /* typemagicTests.xctest */;
			productType = "com.apple.product-type.bundle.unit-test";
		};
		3927F96B2EDE9F3B007953CA /* typemagicUITests */ = {
			isa = PBXNativeTarget;
			buildConfigurationList = 3927F97C2EDE9F3B007953CA /* Build configuration list for PBXNativeTarget "typemagicUITests" */;
			buildPhases = (
				3927F9682EDE9F3B007953CA /* Sources */,
				3927F9692EDE9F3B007953CA /* Frameworks */,
				3927F96A2EDE9F3B007953CA /* Resources */,
			);
			buildRules = (
			);
			dependencies = (
				3927F96E2EDE9F3B007953CA /* PBXTargetDependency */,
			);
			fileSystemSynchronizedGroups = (
				3927F96F2EDE9F3B007953CA /* typemagicUITests */,
			);
			name = typemagicUITests;
			packageProductDependencies = (
			);
			productName = typemagicUITests;
			productReference = 3927F96C2EDE9F3B007953CA /* typemagicUITests.xctest */;
			productType = "com.apple.product-type.bundle.ui-testing";
		};
/* End PBXNativeTarget section */

/* Begin PBXProject section */
		3927F94C2EDE9F39007953CA /* Project object */ = {
			isa = PBXProject;
			attributes = {
				BuildIndependentTargetsInParallel = 1;
				LastSwiftUpdateCheck = 1640;
				LastUpgradeCheck = 1640;
				TargetAttributes = {
					3927F9532EDE9F39007953CA = {
						CreatedOnToolsVersion = 16.4;
					};
					3927F9612EDE9F3B007953CA = {
						CreatedOnToolsVersion = 16.4;
						TestTargetID = 3927F9532EDE9F39007953CA;
					};
					3927F96B2EDE9F3B007953CA = {
						CreatedOnToolsVersion = 16.4;
						TestTargetID = 3927F9532EDE9F39007953CA;
					};
				};
			};
			buildConfigurationList = 3927F94F2EDE9F39007953CA /* Build configuration list for PBXProject "typemagic" */;
			developmentRegion = en;
			hasScannedForEncodings = 0;
			knownRegions = (
				en,
				Base,
			);
			mainGroup = 3927F94B2EDE9F39007953CA;
			minimizedProjectReferenceProxies = 1;
			packageReferences = (
				39D7A0022EE0A1A5009ABCDE /* XCLocalSwiftPackageReference "../macos" */,
			);
			preferredProjectObjectVersion = 77;
			productRefGroup = 3927F9552EDE9F39007953CA /* Products */;
			projectDirPath = "";
			projectRoot = "";
			targets = (
				3927F9532EDE9F39007953CA /* typemagic */,
				3927F9612EDE9F3B007953CA /* typemagicTests */,
				3927F96B2EDE9F3B007953CA /* typemagicUITests */,
			);
		};
/* End PBXProject section */

/* Begin PBXResourcesBuildPhase section */
		3927F9522EDE9F39007953CA /* Resources */ = {
			isa = PBXResourcesBuildPhase;
			buildActionMask = 2147483647;
			files = (
			);
			runOnlyForDeploymentPostprocessing = 0;
		};
		3927F9602EDE9F3B007953CA /* Resources */ = {
			isa = PBXResourcesBuildPhase;
			buildActionMask = 2147483647;
			files = (
			);
			runOnlyForDeploymentPostprocessing = 0;
		};
		3927F96A2EDE9F3B007953CA /* Resources */ = {
			isa = PBXResourcesBuildPhase;
			buildActionMask = 2147483647;
			files = (
			);
			runOnlyForDeploymentPostprocessing = 0;
		};
/* End PBXResourcesBuildPhase section */

/* Begin PBXSourcesBuildPhase section */
		3927F9502EDE9F39007953CA /* Sources */ = {
			isa = PBXSourcesBuildPhase;
			buildActionMask = 2147483647;
			files = (
			);
			runOnlyForDeploymentPostprocessing = 0;
		};
		3927F95E2EDE9F3B007953CA /* Sources */ = {
			isa = PBXSourcesBuildPhase;
			buildActionMask = 2147483647;
			files = (
			);
			runOnlyForDeploymentPostprocessing = 0;
		};
		3927F9682EDE9F3B007953CA /* Sources */ = {
			isa = PBXSourcesBuildPhase;
			buildActionMask = 2147483647;
			files = (
			);
			runOnlyForDeploymentPostprocessing = 0;
		};
/* End PBXSourcesBuildPhase section */

/* Begin PBXTargetDependency section */
		3927F9642EDE9F3B007953CA /* PBXTargetDependency */ = {
			isa = PBXTargetDependency;
			target = 3927F9532EDE9F39007953CA /* typemagic */;
			targetProxy = 3927F9632EDE9F3B007953CA /* PBXContainerItemProxy */;
		};
		3927F96E2EDE9F3B007953CA /* PBXTargetDependency */ = {
			isa = PBXTargetDependency;
			target = 3927F9532EDE9F39007953CA /* typemagic */;
			targetProxy = 3927F96D2EDE9F3B007953CA /* PBXContainerItemProxy */;
		};
/* End PBXTargetDependency section */

/* Begin XCBuildConfiguration section */
		3927F9742EDE9F3B007953CA /* Debug */ = {
			isa = XCBuildConfiguration;
			buildSettings = {
				ALWAYS_SEARCH_USER_PATHS = NO;
				ASSETCATALOG_COMPILER_GENERATE_SWIFT_ASSET_SYMBOL_EXTENSIONS = YES;
				CLANG_ANALYZER_NONNULL = YES;
				CLANG_ANALYZER_NUMBER_OBJECT_CONVERSION = YES_AGGRESSIVE;
				CLANG_CXX_LANGUAGE_STANDARD = "gnu++20";
				CLANG_ENABLE_MODULES = YES;
				CLANG_ENABLE_OBJC_ARC = YES;
				CLANG_ENABLE_OBJC_WEAK = YES;
				CLANG_WARN_BLOCK_CAPTURE_AUTORELEASING = YES;
				CLANG_WARN_BOOL_CONVERSION = YES;
				CLANG_WARN_COMMA = YES;
				CLANG_WARN_CONSTANT_CONVERSION = YES;
				CLANG_WARN_DEPRECATED_OBJC_IMPLEMENTATIONS = YES;
				CLANG_WARN_DIRECT_OBJC_ISA_USAGE = YES_ERROR;
				CLANG_WARN_DOCUMENTATION_COMMENTS = YES;
				CLANG_WARN_EMPTY_BODY = YES;
				CLANG_WARN_ENUM_CONVERSION = YES;
				CLANG_WARN_INFINITE_RECURSION = YES;
				CLANG_WARN_INT_CONVERSION = YES;
				CLANG_WARN_NON_LITERAL_NULL_CONVERSION = YES;
				CLANG_WARN_OBJC_IMPLICIT_RETAIN_SELF = YES;
				CLANG_WARN_OBJC_LITERAL_CONVERSION = YES;
				CLANG_WARN_OBJC_ROOT_CLASS = YES_ERROR;
				CLANG_WARN_QUOTED_INCLUDE_IN_FRAMEWORK_HEADER = YES;
				CLANG_WARN_RANGE_LOOP_ANALYSIS = YES;
				CLANG_WARN_STRICT_PROTOTYPES = YES;
				CLANG_WARN_SUSPICIOUS_MOVE = YES;
				CLANG_WARN_UNGUARDED_AVAILABILITY = YES_AGGRESSIVE;
				CLANG_WARN_UNREACHABLE_CODE = YES;
				CLANG_WARN__DUPLICATE_METHOD_MATCH = YES;
				COPY_PHASE_STRIP = NO;
				DEBUG_INFORMATION_FORMAT = dwarf;
				DEVELOPMENT_TEAM = JKMMZ55D86;
				ENABLE_STRICT_OBJC_MSGSEND = YES;
				ENABLE_TESTABILITY = YES;
				ENABLE_USER_SCRIPT_SANDBOXING = YES;
				GCC_C_LANGUAGE_STANDARD = gnu17;
				GCC_DYNAMIC_NO_PIC = NO;
				GCC_NO_COMMON_BLOCKS = YES;
				GCC_OPTIMIZATION_LEVEL = 0;
				GCC_PREPROCESSOR_DEFINITIONS = (
					"DEBUG=1",
					"$(inherited)",
				);
				GCC_WARN_64_TO_32_BIT_CONVERSION = YES;
				GCC_WARN_ABOUT_RETURN_TYPE = YES_ERROR;
				GCC_WARN_UNDECLARED_SELECTOR = YES;
				GCC_WARN_UNINITIALIZED_AUTOS = YES_AGGRESSIVE;
				GCC_WARN_UNUSED_FUNCTION = YES;
				GCC_WARN_UNUSED_VARIABLE = YES;
				LOCALIZATION_PREFERS_STRING_CATALOGS = YES;
				MACOSX_DEPLOYMENT_TARGET = 15.5;
				MTL_ENABLE_DEBUG_INFO = INCLUDE_SOURCE;
				MTL_FAST_MATH = YES;
				ONLY_ACTIVE_ARCH = YES;
				SDKROOT = macosx;
				SWIFT_ACTIVE_COMPILATION_CONDITIONS = "DEBUG $(inherited)";
				SWIFT_OPTIMIZATION_LEVEL = "-Onone";
			};
			name = Debug;
		};
		3927F9752EDE9F3B007953CA /* Release */ = {
			isa = XCBuildConfiguration;
			buildSettings = {
				ALWAYS_SEARCH_USER_PATHS = NO;
				ASSETCATALOG_COMPILER_GENERATE_SWIFT_ASSET_SYMBOL_EXTENSIONS = YES;
				CLANG_ANALYZER_NONNULL = YES;
				CLANG_ANALYZER_NUMBER_OBJECT_CONVERSION = YES_AGGRESSIVE;
				CLANG_CXX_LANGUAGE_STANDARD = "gnu++20";
				CLANG_ENABLE_MODULES = YES;
				CLANG_ENABLE_OBJC_ARC = YES;
				CLANG_ENABLE_OBJC_WEAK = YES;
				CLANG_WARN_BLOCK_CAPTURE_AUTORELEASING = YES;
				CLANG_WARN_BOOL_CONVERSION = YES;
				CLANG_WARN_COMMA = YES;
				CLANG_WARN_CONSTANT_CONVERSION = YES;
				CLANG_WARN_DEPRECATED_OBJC_IMPLEMENTATIONS = YES;
				CLANG_WARN_DIRECT_OBJC_ISA_USAGE = YES_ERROR;
				CLANG_WARN_DOCUMENTATION_COMMENTS = YES;
				CLANG_WARN_EMPTY_BODY = YES;
				CLANG_WARN_ENUM_CONVERSION = YES;
				CLANG_WARN_INFINITE_RECURSION = YES;
				CLANG_WARN_INT_CONVERSION = YES;
				CLANG_WARN_NON_LITERAL_NULL_CONVERSION = YES;
				CLANG_WARN_OBJC_IMPLICIT_RETAIN_SELF = YES;
				CLANG_WARN_OBJC_LITERAL_CONVERSION = YES;
				CLANG_WARN_OBJC_ROOT_CLASS = YES_ERROR;
				CLANG_WARN_QUOTED_INCLUDE_IN_FRAMEWORK_HEADER = YES;
				CLANG_WARN_RANGE_LOOP_ANALYSIS = YES;
				CLANG_WARN_STRICT_PROTOTYPES = YES;
				CLANG_WARN_SUSPICIOUS_MOVE = YES;
				CLANG_WARN_UNGUARDED_AVAILABILITY = YES_AGGRESSIVE;
				CLANG_WARN_UNREACHABLE_CODE = YES;
				CLANG_WARN__DUPLICATE_METHOD_MATCH = YES;
				COPY_PHASE_STRIP = NO;
				DEBUG_INFORMATION_FORMAT = "dwarf-with-dsym";
				DEVELOPMENT_TEAM = JKMMZ55D86;
				ENABLE_NS_ASSERTIONS = NO;
				ENABLE_STRICT_OBJC_MSGSEND = YES;
				ENABLE_USER_SCRIPT_SANDBOXING = YES;
				GCC_C_LANGUAGE_STANDARD = gnu17;
				GCC_NO_COMMON_BLOCKS = YES;
				GCC_WARN_64_TO_32_BIT_CONVERSION = YES;
				GCC_WARN_ABOUT_RETURN_TYPE = YES_ERROR;
				GCC_WARN_UNDECLARED_SELECTOR = YES;
				GCC_WARN_UNINITIALIZED_AUTOS = YES_AGGRESSIVE;
				GCC_WARN_UNUSED_FUNCTION = YES;
				GCC_WARN_UNUSED_VARIABLE = YES;
				LOCALIZATION_PREFERS_STRING_CATALOGS = YES;
				MACOSX_DEPLOYMENT_TARGET = 15.5;
				MTL_ENABLE_DEBUG_INFO = NO;
				MTL_FAST_MATH = YES;
				SDKROOT = macosx;
				SWIFT_COMPILATION_MODE = wholemodule;
			};
			name = Release;
		};
		3927F9772EDE9F3B007953CA /* Debug */ = {
			isa = XCBuildConfiguration;
			buildSettings = {
				ASSETCATALOG_COMPILER_APPICON_NAME = AppIcon;
				ASSETCATALOG_COMPILER_GLOBAL_ACCENT_COLOR_NAME = AccentColor;
				ASSETCATALOG_COMPILER_INCLUDE_ALL_APPICON_ASSETS = YES;
				CODE_SIGN_ENTITLEMENTS = typemagic/typemagic.entitlements;
				"CODE_SIGN_IDENTITY[sdk=macosx*]" = "Apple Development";
				CODE_SIGN_STYLE = Automatic;
				COMBINE_HIDPI_IMAGES = YES;
				CURRENT_PROJECT_VERSION = 1;
				DEVELOPMENT_TEAM = JKMMZ55D86;
				ENABLE_HARDENED_RUNTIME = YES;
				ENABLE_PREVIEWS = YES;
				GENERATE_INFOPLIST_FILE = YES;
				INFOPLIST_KEY_CFBundleDisplayName = "Type Magic";
				INFOPLIST_KEY_LSApplicationCategoryType = "public.app-category.productivity";
				INFOPLIST_KEY_LSUIElement = YES;
				INFOPLIST_KEY_NSAppleEventsUsageDescription = "TypeMagic needs access to control and paste text inside other applications.";
				INFOPLIST_KEY_NSHumanReadableCopyright = "";
				LD_RUNPATH_SEARCH_PATHS = (
					"$(inherited)",
					"@executable_path/../Frameworks",
				);
				MARKETING_VERSION = 1.3;
				PRODUCT_BUNDLE_IDENTIFIER = com.bradford.typeR198x.typemagic;
				PRODUCT_NAME = "$(TARGET_NAME)";
				REGISTER_APP_GROUPS = YES;
				SWIFT_EMIT_LOC_STRINGS = YES;
				SWIFT_VERSION = 5.8;
			};
			name = Debug;
		};
		3927F9782EDE9F3B007953CA /* Release */ = {
			isa = XCBuildConfiguration;
			buildSettings = {
				ASSETCATALOG_COMPILER_APPICON_NAME = AppIcon;
				ASSETCATALOG_COMPILER_GLOBAL_ACCENT_COLOR_NAME = AccentColor;
				ASSETCATALOG_COMPILER_INCLUDE_ALL_APPICON_ASSETS = YES;
				CODE_SIGN_ENTITLEMENTS = typemagic/typemagic.entitlements;
				"CODE_SIGN_IDENTITY[sdk=macosx*]" = "Apple Development";
				CODE_SIGN_STYLE = Automatic;
				COMBINE_HIDPI_IMAGES = YES;
				CURRENT_PROJECT_VERSION = 1;
				DEVELOPMENT_TEAM = JKMMZ55D86;
				ENABLE_HARDENED_RUNTIME = YES;
				ENABLE_PREVIEWS = YES;
				GENERATE_INFOPLIST_FILE = YES;
				INFOPLIST_KEY_CFBundleDisplayName = "Type Magic";
				INFOPLIST_KEY_LSApplicationCategoryType = "public.app-category.productivity";
				INFOPLIST_KEY_LSUIElement = YES;
				INFOPLIST_KEY_NSAppleEventsUsageDescription = "TypeMagic needs access to control and paste text inside other applications.";
				INFOPLIST_KEY_NSHumanReadableCopyright = "";
				LD_RUNPATH_SEARCH_PATHS = (
					"$(inherited)",
					"@executable_path/../Frameworks",
				);
				MARKETING_VERSION = 1.3;
				PRODUCT_BUNDLE_IDENTIFIER = com.bradford.typeR198x.typemagic;
				PRODUCT_NAME = "$(TARGET_NAME)";
				REGISTER_APP_GROUPS = YES;
				SWIFT_EMIT_LOC_STRINGS = YES;
				SWIFT_VERSION = 5.8;
			};
			name = Release;
		};
		3927F97A2EDE9F3B007953CA /* Debug */ = {
			isa = XCBuildConfiguration;
			buildSettings = {
				BUNDLE_LOADER = "$(TEST_HOST)";
				CODE_SIGN_STYLE = Automatic;
				CURRENT_PROJECT_VERSION = 1;
				DEVELOPMENT_TEAM = JKMMZ55D86;
				GENERATE_INFOPLIST_FILE = YES;
				MACOSX_DEPLOYMENT_TARGET = 15.5;
				MARKETING_VERSION = 1.0;
				PRODUCT_BUNDLE_IDENTIFIER = com.bradford.typeR198x.typemagicTests;
				PRODUCT_NAME = "$(TARGET_NAME)";
				SWIFT_EMIT_LOC_STRINGS = NO;
				SWIFT_VERSION = 5.8;
				TEST_HOST = "$(BUILT_PRODUCTS_DIR)/typemagic.app/$(BUNDLE_EXECUTABLE_FOLDER_PATH)/typemagic";
			};
			name = Debug;
		};
		3927F97B2EDE9F3B007953CA /* Release */ = {
			isa = XCBuildConfiguration;
			buildSettings = {
				BUNDLE_LOADER = "$(TEST_HOST)";
				CODE_SIGN_STYLE = Automatic;
				CURRENT_PROJECT_VERSION = 1;
				DEVELOPMENT_TEAM = JKMMZ55D86;
				GENERATE_INFOPLIST_FILE = YES;
				MACOSX_DEPLOYMENT_TARGET = 15.5;
				MARKETING_VERSION = 1.0;
				PRODUCT_BUNDLE_IDENTIFIER = com.bradford.typeR198x.typemagicTests;
				PRODUCT_NAME = "$(TARGET_NAME)";
				SWIFT_EMIT_LOC_STRINGS = NO;
				SWIFT_VERSION = 5.8;
				TEST_HOST = "$(BUILT_PRODUCTS_DIR)/typemagic.app/$(BUNDLE_EXECUTABLE_FOLDER_PATH)/typemagic";
			};
			name = Release;
		};
		3927F97D2EDE9F3B007953CA /* Debug */ = {
			isa = XCBuildConfiguration;
			buildSettings = {
				CODE_SIGN_STYLE = Automatic;
				CURRENT_PROJECT_VERSION = 1;
				DEVELOPMENT_TEAM = JKMMZ55D86;
				GENERATE_INFOPLIST_FILE = YES;
				MARKETING_VERSION = 1.0;
				PRODUCT_BUNDLE_IDENTIFIER = com.bradford.typeR198x.typemagicUITests;
				PRODUCT_NAME = "$(TARGET_NAME)";
				SWIFT_EMIT_LOC_STRINGS = NO;
				SWIFT_VERSION = 5.8;
				TEST_TARGET_NAME = typemagic;
			};
			name = Debug;
		};
		3927F97E2EDE9F3B007953CA /* Release */ = {
			isa = XCBuildConfiguration;
			buildSettings = {
				CODE_SIGN_STYLE = Automatic;
				CURRENT_PROJECT_VERSION = 1;
				DEVELOPMENT_TEAM = JKMMZ55D86;
				GENERATE_INFOPLIST_FILE = YES;
				MARKETING_VERSION = 1.0;
				PRODUCT_BUNDLE_IDENTIFIER = com.bradford.typeR198x.typemagicUITests;
				PRODUCT_NAME = "$(TARGET_NAME)";
				SWIFT_EMIT_LOC_STRINGS = NO;
				SWIFT_VERSION = 5.8;
				TEST_TARGET_NAME = typemagic;
			};
			name = Release;
		};
/* End XCBuildConfiguration section */

/* Begin XCConfigurationList section */
		3927F94F2EDE9F39007953CA /* Build configuration list for PBXProject "typemagic" */ = {
			isa = XCConfigurationList;
			buildConfigurations = (
				3927F9742EDE9F3B007953CA /* Debug */,
				3927F9752EDE9F3B007953CA /* Release */,
			);
			defaultConfigurationIsVisible = 0;
			defaultConfigurationName = Release;
		};
		3927F9762EDE9F3B007953CA /* Build configuration list for PBXNativeTarget "typemagic" */ = {
			isa = XCConfigurationList;
			buildConfigurations = (
				3927F9772EDE9F3B007953CA /* Debug */,
				3927F9782EDE9F3B007953CA /* Release */,
			);
			defaultConfigurationIsVisible = 0;
			defaultConfigurationName = Release;
		};
		3927F9792EDE9F3B007953CA /* Build configuration list for PBXNativeTarget "typemagicTests" */ = {
			isa = XCConfigurationList;
			buildConfigurations = (
				3927F97A2EDE9F3B007953CA /* Debug */,
				3927F97B2EDE9F3B007953CA /* Release */,
			);
			defaultConfigurationIsVisible = 0;
			defaultConfigurationName = Release;
		};
		3927F97C2EDE9F3B007953CA /* Build configuration list for PBXNativeTarget "typemagicUITests" */ = {
			isa = XCConfigurationList;
			buildConfigurations = (
				3927F97D2EDE9F3B007953CA /* Debug */,
				3927F97E2EDE9F3B007953CA /* Release */,
			);
			defaultConfigurationIsVisible = 0;
			defaultConfigurationName = Release;
		};
/* End XCConfigurationList section */

/* Begin XCLocalSwiftPackageReference section */
		39D7A0022EE0A1A5009ABCDE /* XCLocalSwiftPackageReference "../macos" */ = {
			isa = XCLocalSwiftPackageReference;
			relativePath = ../macos;
		};
/* End XCLocalSwiftPackageReference section */

/* Begin XCSwiftPackageProductDependency section */
		39D7A0032EE0A1A5009ABCDE /* TypeMagicKit */ = {
			isa = XCSwiftPackageProductDependency;
			package = 39D7A0022EE0A1A5009ABCDE /* XCLocalSwiftPackageReference "../macos" */;
			productName = TypeMagicKit;
		};
/* End XCSwiftPackageProductDependency section */
	};
	rootObject = 3927F94C2EDE9F39007953CA /* Project object */;
}
